
Microsoft Visual Studio Solution File, Format Version 12.00
# Visual Studio Version 16
VisualStudioVersion = 16.0.30711.63
MinimumVisualStudioVersion = 10.0.40219.1
Project("{9A19103F-16F7-4668-BE54-9A1E7A4F7556}") = "QuWordFinderTest", "QuWordFinderTest\QuWordFinderTest.csproj", "{D0C7C24E-A421-4E1A-BF44-4314CA9A849E}"
EndProject
Project("{FAE04EC0-301F-11D3-BF4B-00C04F79EFBC}") = "QuWordFinderTestUnitTests", "QuWordFinderTestUnitTests\QuWordFinderTestUnitTests.csproj", "{62039F47-FCA7-4844-A9C9-937DF913983B}"
EndProject
Global
	GlobalSection(SolutionConfigurationPlatforms) = preSolution
		Debug|Any CPU = Debug|Any CPU
		Release|Any CPU = Release|Any CPU
	EndGlobalSection
	GlobalSection(ProjectConfigurationPlatforms) = postSolution
		{D0C7C24E-A421-4E1A-BF44-4314CA9A849E}.Debug|Any CPU.ActiveCfg = Debug|Any CPU
		{D0C7C24E-A421-4E1A-BF44-4314CA9A849E}.Debug|Any CPU.Build.0 = Debug|Any CPU
		{D0C7C24E-A421-4E1A-BF44-4314CA9A849E}.Release|Any CPU.ActiveCfg = Release|Any CPU
		{D0C7C24E-A421-4E1A-BF44-4314CA9A849E}.Release|Any CPU.Build.0 = Release|Any CPU
		{62039F47-FCA7-4844-A9C9-937DF913983B}.Debug|Any CPU.ActiveCfg = Debug|Any CPU
		{62039F47-FCA7-4844-A9C9-937DF913983B}.Debug|Any CPU.Build.0 = Debug|Any CPU
		{62039F47-FCA7-4844-A9C9-937DF913983B}.Release|Any CPU.ActiveCfg = Release|Any CPU
		{62039F47-FCA7-4844-A9C9-937DF913983B}.Release|Any CPU.Build.0 = Release|Any CPU
	EndGlobalSection
	GlobalSection(SolutionProperties) = preSolution
		HideSolutionNode = FALSE
	EndGlobalSection
	GlobalSection(ExtensibilityGlobals) = postSolution
		SolutionGuid = {EB407DBD-80C8-4392-AA60-A46A48749545}
	EndGlobalSection
EndGlobal
